
Microsoft Visual Studio Solution File, Format Version 12.00
# Visual Studio Version 17
VisualStudioVersion = 17.7.34031.279
MinimumVisualStudioVersion = 10.0.40219.1
Project("{F184B08F-C81C-45F6-A57F-5ABD9991F28F}") = "Extracting a Part of a Phrase", "Extracting a Part of a Phrase.vbproj", "{F8131F74-20FD-46E7-8641-95E883B877ED}"
EndProject
Global
	GlobalSection(SolutionConfigurationPlatforms) = preSolution
		Debug|Any CPU = Debug|Any CPU
		Release|Any CPU = Release|Any CPU
	EndGlobalSection
	GlobalSection(ProjectConfigurationPlatforms) = postSolution
		{F8131F74-20FD-46E7-8641-95E883B877ED}.Debug|Any CPU.ActiveCfg = Debug|Any CPU
		{F8131F74-20FD-46E7-8641-95E883B877ED}.Debug|Any CPU.Build.0 = Debug|Any CPU
		{F8131F74-20FD-46E7-8641-95E883B877ED}.Release|Any CPU.ActiveCfg = Release|Any CPU
		{F8131F74-20FD-46E7-8641-95E883B877ED}.Release|Any CPU.Build.0 = Release|Any CPU
	EndGlobalSection
	GlobalSection(SolutionProperties) = preSolution
		HideSolutionNode = FALSE
	EndGlobalSection
	GlobalSection(ExtensibilityGlobals) = postSolution
		SolutionGuid = {26254B62-1FFD-4469-82E6-5CCF1D51ABA2}
	EndGlobalSection
EndGlobal
